// !$*UTF8*$!
{
	archiveVersion = 1;
	classes = {
	};
	objectVersion = 54;
	objects = {

/* Begin PBXBuildFile section */
		9F0844D0288E6C0800A24F0A /* Extensions.swift in Sources */ = {isa = PBXBuildFile; fileRef = 9F0844CF288E6C0800A24F0A /* Extensions.swift */; };
		9F0844D2288E775D00A24F0A /* EmployeeListResponseModel.swift in Sources */ = {isa = PBXBuildFile; fileRef = 9F0844D1288E775D00A24F0A /* EmployeeListResponseModel.swift */; };
		9F0844D4288E77AE00A24F0A /* EmployeeListViewModel.swift in Sources */ = {isa = PBXBuildFile; fileRef = 9F0844D3288E77AE00A24F0A /* EmployeeListViewModel.swift */; };
		9F0844D6288E7B6500A24F0A /* login.json in Resources */ = {isa = PBXBuildFile; fileRef = 9F0844D5288E7B6500A24F0A /* login.json */; };
		9F0844D8288E7B8000A24F0A /* employeelist.json in Resources */ = {isa = PBXBuildFile; fileRef = 9F0844D7288E7B8000A24F0A /* employeelist.json */; };
		9F1483DE288A745F00BA1072 /* AppDelegate.swift in Sources */ = {isa = PBXBuildFile; fileRef = 9F1483DD288A745F00BA1072 /* AppDelegate.swift */; };
		9F1483E0288A746000BA1072 /* SceneDelegate.swift in Sources */ = {isa = PBXBuildFile; fileRef = 9F1483DF288A746000BA1072 /* SceneDelegate.swift */; };
		9F1483E5288A746000BA1072 /* Main.storyboard in Resources */ = {isa = PBXBuildFile; fileRef = 9F1483E3288A746000BA1072 /* Main.storyboard */; };
		9F1483E7288A746500BA1072 /* Assets.xcassets in Resources */ = {isa = PBXBuildFile; fileRef = 9F1483E6288A746500BA1072 /* Assets.xcassets */; };
		9F1483EA288A746500BA1072 /* LaunchScreen.storyboard in Resources */ = {isa = PBXBuildFile; fileRef = 9F1483E8288A746500BA1072 /* LaunchScreen.storyboard */; };
		9F1483F2288A814300BA1072 /* LoginViewController.swift in Sources */ = {isa = PBXBuildFile; fileRef = 9F1483F1288A814300BA1072 /* LoginViewController.swift */; };
		9F1483F4288A898100BA1072 /* EmployeeListVC.swift in Sources */ = {isa = PBXBuildFile; fileRef = 9F1483F3288A898100BA1072 /* EmployeeListVC.swift */; };
		9F1483F7288A8CD300BA1072 /* EmployeesTableViewCell.swift in Sources */ = {isa = PBXBuildFile; fileRef = 9F1483F5288A8CD300BA1072 /* EmployeesTableViewCell.swift */; };
		9F1483F8288A8CD300BA1072 /* EmployeesTableViewCell.xib in Resources */ = {isa = PBXBuildFile; fileRef = 9F1483F6288A8CD300BA1072 /* EmployeesTableViewCell.xib */; };
		9F1483FA288AA3BD00BA1072 /* EmployeeDetailsVC.swift in Sources */ = {isa = PBXBuildFile; fileRef = 9F1483F9288AA3BD00BA1072 /* EmployeeDetailsVC.swift */; };
		9F148400288AA90D00BA1072 /* NetworkManager.swift in Sources */ = {isa = PBXBuildFile; fileRef = 9F1483FF288AA90D00BA1072 /* NetworkManager.swift */; };
		9F148402288AA9A100BA1072 /* BaseRequestModel.swift in Sources */ = {isa = PBXBuildFile; fileRef = 9F148401288AA9A100BA1072 /* BaseRequestModel.swift */; };
		9F148404288AAA5900BA1072 /* LoginViewModel.swift in Sources */ = {isa = PBXBuildFile; fileRef = 9F148403288AAA5900BA1072 /* LoginViewModel.swift */; };
		9F148406288AAB3000BA1072 /* LoginRequestModel.swift in Sources */ = {isa = PBXBuildFile; fileRef = 9F148405288AAB3000BA1072 /* LoginRequestModel.swift */; };
		9F148408288AAB8700BA1072 /* Constants.swift in Sources */ = {isa = PBXBuildFile; fileRef = 9F148407288AAB8700BA1072 /* Constants.swift */; };
		9F14840A288AABF300BA1072 /* EndPoints.swift in Sources */ = {isa = PBXBuildFile; fileRef = 9F148409288AABF300BA1072 /* EndPoints.swift */; };
		9F14840D288AAD0000BA1072 /* LoginResponseModel.swift in Sources */ = {isa = PBXBuildFile; fileRef = 9F14840C288AAD0000BA1072 /* LoginResponseModel.swift */; };
		9F14840F288AAD6900BA1072 /* ErrorModel.swift in Sources */ = {isa = PBXBuildFile; fileRef = 9F14840E288AAD6900BA1072 /* ErrorModel.swift */; };
		9F148411288AADA400BA1072 /* Enums.swift in Sources */ = {isa = PBXBuildFile; fileRef = 9F148410288AADA400BA1072 /* Enums.swift */; };
		9F148413288AB08800BA1072 /* ErrorResponseModel.swift in Sources */ = {isa = PBXBuildFile; fileRef = 9F148412288AB08800BA1072 /* ErrorResponseModel.swift */; };
/* End PBXBuildFile section */

/* Begin PBXFileReference section */
		9F0844CF288E6C0800A24F0A /* Extensions.swift */ = {isa = PBXFileReference; lastKnownFileType = sourcecode.swift; path = Extensions.swift; sourceTree = "<group>"; };
		9F0844D1288E775D00A24F0A /* EmployeeListResponseModel.swift */ = {isa = PBXFileReference; lastKnownFileType = sourcecode.swift; path = EmployeeListResponseModel.swift; sourceTree = "<group>"; };
		9F0844D3288E77AE00A24F0A /* EmployeeListViewModel.swift */ = {isa = PBXFileReference; lastKnownFileType = sourcecode.swift; path = EmployeeListViewModel.swift; sourceTree = "<group>"; };
		9F0844D5288E7B6500A24F0A /* login.json */ = {isa = PBXFileReference; lastKnownFileType = text.json; path = login.json; sourceTree = "<group>"; };
		9F0844D7288E7B8000A24F0A /* employeelist.json */ = {isa = PBXFileReference; lastKnownFileType = text.json; path = employeelist.json; sourceTree = "<group>"; };
		9F1483DA288A745F00BA1072 /* EmployeeList.app */ = {isa = PBXFileReference; explicitFileType = wrapper.application; includeInIndex = 0; path = EmployeeList.app; sourceTree = BUILT_PRODUCTS_DIR; };
		9F1483DD288A745F00BA1072 /* AppDelegate.swift */ = {isa = PBXFileReference; lastKnownFileType = sourcecode.swift; path = AppDelegate.swift; sourceTree = "<group>"; };
		9F1483DF288A746000BA1072 /* SceneDelegate.swift */ = {isa = PBXFileReference; lastKnownFileType = sourcecode.swift; path = SceneDelegate.swift; sourceTree = "<group>"; };
		9F1483E4288A746000BA1072 /* Base */ = {isa = PBXFileReference; lastKnownFileType = file.storyboard; name = Base; path = Base.lproj/Main.storyboard; sourceTree = "<group>"; };
		9F1483E6288A746500BA1072 /* Assets.xcassets */ = {isa = PBXFileReference; lastKnownFileType = folder.assetcatalog; path = Assets.xcassets; sourceTree = "<group>"; };
		9F1483E9288A746500BA1072 /* Base */ = {isa = PBXFileReference; lastKnownFileType = file.storyboard; name = Base; path = Base.lproj/LaunchScreen.storyboard; sourceTree = "<group>"; };
		9F1483EB288A746500BA1072 /* Info.plist */ = {isa = PBXFileReference; lastKnownFileType = text.plist.xml; path = Info.plist; sourceTree = "<group>"; };
		9F1483F1288A814300BA1072 /* LoginViewController.swift */ = {isa = PBXFileReference; fileEncoding = 4; lastKnownFileType = sourcecode.swift; path = LoginViewController.swift; sourceTree = "<group>"; };
		9F1483F3288A898100BA1072 /* EmployeeListVC.swift */ = {isa = PBXFileReference; lastKnownFileType = sourcecode.swift; path = EmployeeListVC.swift; sourceTree = "<group>"; };
		9F1483F5288A8CD300BA1072 /* EmployeesTableViewCell.swift */ = {isa = PBXFileReference; lastKnownFileType = sourcecode.swift; path = EmployeesTableViewCell.swift; sourceTree = "<group>"; };
		9F1483F6288A8CD300BA1072 /* EmployeesTableViewCell.xib */ = {isa = PBXFileReference; lastKnownFileType = file.xib; path = EmployeesTableViewCell.xib; sourceTree = "<group>"; };
		9F1483F9288AA3BD00BA1072 /* EmployeeDetailsVC.swift */ = {isa = PBXFileReference; lastKnownFileType = sourcecode.swift; path = EmployeeDetailsVC.swift; sourceTree = "<group>"; };
		9F1483FF288AA90D00BA1072 /* NetworkManager.swift */ = {isa = PBXFileReference; lastKnownFileType = sourcecode.swift; path = NetworkManager.swift; sourceTree = "<group>"; };
		9F148401288AA9A100BA1072 /* BaseRequestModel.swift */ = {isa = PBXFileReference; lastKnownFileType = sourcecode.swift; path = BaseRequestModel.swift; sourceTree = "<group>"; };
		9F148403288AAA5900BA1072 /* LoginViewModel.swift */ = {isa = PBXFileReference; lastKnownFileType = sourcecode.swift; path = LoginViewModel.swift; sourceTree = "<group>"; };
		9F148405288AAB3000BA1072 /* LoginRequestModel.swift */ = {isa = PBXFileReference; lastKnownFileType = sourcecode.swift; path = LoginRequestModel.swift; sourceTree = "<group>"; };
		9F148407288AAB8700BA1072 /* Constants.swift */ = {isa = PBXFileReference; lastKnownFileType = sourcecode.swift; path = Constants.swift; sourceTree = "<group>"; };
		9F148409288AABF300BA1072 /* EndPoints.swift */ = {isa = PBXFileReference; lastKnownFileType = sourcecode.swift; path = EndPoints.swift; sourceTree = "<group>"; };
		9F14840C288AAD0000BA1072 /* LoginResponseModel.swift */ = {isa = PBXFileReference; lastKnownFileType = sourcecode.swift; path = LoginResponseModel.swift; sourceTree = "<group>"; };
		9F14840E288AAD6900BA1072 /* ErrorModel.swift */ = {isa = PBXFileReference; lastKnownFileType = sourcecode.swift; path = ErrorModel.swift; sourceTree = "<group>"; };
		9F148410288AADA400BA1072 /* Enums.swift */ = {isa = PBXFileReference; lastKnownFileType = sourcecode.swift; path = Enums.swift; sourceTree = "<group>"; };
		9F148412288AB08800BA1072 /* ErrorResponseModel.swift */ = {isa = PBXFileReference; lastKnownFileType = sourcecode.swift; path = ErrorResponseModel.swift; sourceTree = "<group>"; };
/* End PBXFileReference section */

/* Begin PBXFrameworksBuildPhase section */
		9F1483D7288A745F00BA1072 /* Frameworks */ = {
			isa = PBXFrameworksBuildPhase;
			buildActionMask = 2147483647;
			files = (
			);
			runOnlyForDeploymentPostprocessing = 0;
		};
/* End PBXFrameworksBuildPhase section */

/* Begin PBXGroup section */
		9F1483D1288A745F00BA1072 = {
			isa = PBXGroup;
			children = (
				9F1483DC288A745F00BA1072 /* EmployeeList */,
				9F1483DB288A745F00BA1072 /* Products */,
			);
			sourceTree = "<group>";
		};
		9F1483DB288A745F00BA1072 /* Products */ = {
			isa = PBXGroup;
			children = (
				9F1483DA288A745F00BA1072 /* EmployeeList.app */,
			);
			name = Products;
			sourceTree = "<group>";
		};
		9F1483DC288A745F00BA1072 /* EmployeeList */ = {
			isa = PBXGroup;
			children = (
				9F14840B288AABF700BA1072 /* NetworkManager */,
				9F1483FE288AA8FD00BA1072 /* Utils */,
				9F1483FD288AA66600BA1072 /* ViewModels */,
				9F1483FC288AA65E00BA1072 /* Models */,
				9F1483FB288AA64F00BA1072 /* Views */,
				9F1483DD288A745F00BA1072 /* AppDelegate.swift */,
				9F1483DF288A746000BA1072 /* SceneDelegate.swift */,
				9F1483E3288A746000BA1072 /* Main.storyboard */,
				9F1483E6288A746500BA1072 /* Assets.xcassets */,
				9F1483E8288A746500BA1072 /* LaunchScreen.storyboard */,
				9F1483EB288A746500BA1072 /* Info.plist */,
			);
			path = EmployeeList;
			sourceTree = "<group>";
		};
		9F1483FB288AA64F00BA1072 /* Views */ = {
			isa = PBXGroup;
			children = (
				9F1483F1288A814300BA1072 /* LoginViewController.swift */,
				9F1483F9288AA3BD00BA1072 /* EmployeeDetailsVC.swift */,
				9F1483F3288A898100BA1072 /* EmployeeListVC.swift */,
				9F1483F5288A8CD300BA1072 /* EmployeesTableViewCell.swift */,
				9F1483F6288A8CD300BA1072 /* EmployeesTableViewCell.xib */,
			);
			path = Views;
			sourceTree = "<group>";
		};
		9F1483FC288AA65E00BA1072 /* Models */ = {
			isa = PBXGroup;
			children = (
				9F148401288AA9A100BA1072 /* BaseRequestModel.swift */,
				9F148405288AAB3000BA1072 /* LoginRequestModel.swift */,
				9F14840C288AAD0000BA1072 /* LoginResponseModel.swift */,
				9F14840E288AAD6900BA1072 /* ErrorModel.swift */,
				9F148412288AB08800BA1072 /* ErrorResponseModel.swift */,
				9F0844D1288E775D00A24F0A /* EmployeeListResponseModel.swift */,
			);
			path = Models;
			sourceTree = "<group>";
		};
		9F1483FD288AA66600BA1072 /* ViewModels */ = {
			isa = PBXGroup;
			children = (
				9F148403288AAA5900BA1072 /* LoginViewModel.swift */,
				9F0844D3288E77AE00A24F0A /* EmployeeListViewModel.swift */,
			);
			path = ViewModels;
			sourceTree = "<group>";
		};
		9F1483FE288AA8FD00BA1072 /* Utils */ = {
			isa = PBXGroup;
			children = (
				9F148407288AAB8700BA1072 /* Constants.swift */,
				9F148410288AADA400BA1072 /* Enums.swift */,
				9F0844CF288E6C0800A24F0A /* Extensions.swift */,
				9F0844D5288E7B6500A24F0A /* login.json */,
				9F0844D7288E7B8000A24F0A /* employeelist.json */,
			);
			path = Utils;
			sourceTree = "<group>";
		};
		9F14840B288AABF700BA1072 /* NetworkManager */ = {
			isa = PBXGroup;
			children = (
				9F1483FF288AA90D00BA1072 /* NetworkManager.swift */,
				9F148409288AABF300BA1072 /* EndPoints.swift */,
			);
			path = NetworkManager;
			sourceTree = "<group>";
		};
/* End PBXGroup section */

/* Begin PBXNativeTarget section */
		9F1483D9288A745F00BA1072 /* EmployeeList */ = {
			isa = PBXNativeTarget;
			buildConfigurationList = 9F1483EE288A746500BA1072 /* Build configuration list for PBXNativeTarget "EmployeeList" */;
			buildPhases = (
				9F1483D6288A745F00BA1072 /* Sources */,
				9F1483D7288A745F00BA1072 /* Frameworks */,
				9F1483D8288A745F00BA1072 /* Resources */,
			);
			buildRules = (
			);
			dependencies = (
			);
			name = EmployeeList;
			productName = EmployeeList;
			productReference = 9F1483DA288A745F00BA1072 /* EmployeeList.app */;
			productType = "com.apple.product-type.application";
		};
/* End PBXNativeTarget section */

/* Begin PBXProject section */
		9F1483D2288A745F00BA1072 /* Project object */ = {
			isa = PBXProject;
			attributes = {
				BuildIndependentTargetsInParallel = 1;
				LastSwiftUpdateCheck = 1320;
				LastUpgradeCheck = 1320;
				TargetAttributes = {
					9F1483D9288A745F00BA1072 = {
						CreatedOnToolsVersion = 13.2.1;
					};
				};
			};
			buildConfigurationList = 9F1483D5288A745F00BA1072 /* Build configuration list for PBXProject "EmployeeList" */;
			compatibilityVersion = "Xcode 12.0";
			developmentRegion = en;
			hasScannedForEncodings = 0;
			knownRegions = (
				en,
				Base,
			);
			mainGroup = 9F1483D1288A745F00BA1072;
			productRefGroup = 9F1483DB288A745F00BA1072 /* Products */;
			projectDirPath = "";
			projectRoot = "";
			targets = (
				9F1483D9288A745F00BA1072 /* EmployeeList */,
			);
		};
/* End PBXProject section */

/* Begin PBXResourcesBuildPhase section */
		9F1483D8288A745F00BA1072 /* Resources */ = {
			isa = PBXResourcesBuildPhase;
			buildActionMask = 2147483647;
			files = (
				9F1483EA288A746500BA1072 /* LaunchScreen.storyboard in Resources */,
				9F0844D8288E7B8000A24F0A /* employeelist.json in Resources */,
				9F1483F8288A8CD300BA1072 /* EmployeesTableViewCell.xib in Resources */,
				9F0844D6288E7B6500A24F0A /* login.json in Resources */,
				9F1483E7288A746500BA1072 /* Assets.xcassets in Resources */,
				9F1483E5288A746000BA1072 /* Main.storyboard in Resources */,
			);
			runOnlyForDeploymentPostprocessing = 0;
		};
/* End PBXResourcesBuildPhase section */

/* Begin PBXSourcesBuildPhase section */
		9F1483D6288A745F00BA1072 /* Sources */ = {
			isa = PBXSourcesBuildPhase;
			buildActionMask = 2147483647;
			files = (
				9F14840F288AAD6900BA1072 /* ErrorModel.swift in Sources */,
				9F1483F4288A898100BA1072 /* EmployeeListVC.swift in Sources */,
				9F148408288AAB8700BA1072 /* Constants.swift in Sources */,
				9F148406288AAB3000BA1072 /* LoginRequestModel.swift in Sources */,
				9F14840D288AAD0000BA1072 /* LoginResponseModel.swift in Sources */,
				9F1483F7288A8CD300BA1072 /* EmployeesTableViewCell.swift in Sources */,
				9F1483DE288A745F00BA1072 /* AppDelegate.swift in Sources */,
				9F148411288AADA400BA1072 /* Enums.swift in Sources */,
				9F0844D2288E775D00A24F0A /* EmployeeListResponseModel.swift in Sources */,
				9F148400288AA90D00BA1072 /* NetworkManager.swift in Sources */,
				9F0844D4288E77AE00A24F0A /* EmployeeListViewModel.swift in Sources */,
				9F1483FA288AA3BD00BA1072 /* EmployeeDetailsVC.swift in Sources */,
				9F1483E0288A746000BA1072 /* SceneDelegate.swift in Sources */,
				9F148402288AA9A100BA1072 /* BaseRequestModel.swift in Sources */,
				9F1483F2288A814300BA1072 /* LoginViewController.swift in Sources */,
				9F148413288AB08800BA1072 /* ErrorResponseModel.swift in Sources */,
				9F0844D0288E6C0800A24F0A /* Extensions.swift in Sources */,
				9F14840A288AABF300BA1072 /* EndPoints.swift in Sources */,
				9F148404288AAA5900BA1072 /* LoginViewModel.swift in Sources */,
			);
			runOnlyForDeploymentPostprocessing = 0;
		};
/* End PBXSourcesBuildPhase section */

/* Begin PBXVariantGroup section */
		9F1483E3288A746000BA1072 /* Main.storyboard */ = {
			isa = PBXVariantGroup;
			children = (
				9F1483E4288A746000BA1072 /* Base */,
			);
			name = Main.storyboard;
			sourceTree = "<group>";
		};
		9F1483E8288A746500BA1072 /* LaunchScreen.storyboard */ = {
			isa = PBXVariantGroup;
			children = (
				9F1483E9288A746500BA1072 /* Base */,
			);
			name = LaunchScreen.storyboard;
			sourceTree = "<group>";
		};
/* End PBXVariantGroup section */

/* Begin XCBuildConfiguration section */
		9F1483EC288A746500BA1072 /* Debug */ = {
			isa = XCBuildConfiguration;
			buildSettings = {
				ALWAYS_SEARCH_USER_PATHS = NO;
				CLANG_ANALYZER_NONNULL = YES;
				CLANG_ANALYZER_NUMBER_OBJECT_CONVERSION = YES_AGGRESSIVE;
				CLANG_CXX_LANGUAGE_STANDARD = "gnu++17";
				CLANG_CXX_LIBRARY = "libc++";
				CLANG_ENABLE_MODULES = YES;
				CLANG_ENABLE_OBJC_ARC = YES;
				CLANG_ENABLE_OBJC_WEAK = YES;
				CLANG_WARN_BLOCK_CAPTURE_AUTORELEASING = YES;
				CLANG_WARN_BOOL_CONVERSION = YES;
				CLANG_WARN_COMMA = YES;
				CLANG_WARN_CONSTANT_CONVERSION = YES;
				CLANG_WARN_DEPRECATED_OBJC_IMPLEMENTATIONS = YES;
				CLANG_WARN_DIRECT_OBJC_ISA_USAGE = YES_ERROR;
				CLANG_WARN_DOCUMENTATION_COMMENTS = YES;
				CLANG_WARN_EMPTY_BODY = YES;
				CLANG_WARN_ENUM_CONVERSION = YES;
				CLANG_WARN_INFINITE_RECURSION = YES;
				CLANG_WARN_INT_CONVERSION = YES;
				CLANG_WARN_NON_LITERAL_NULL_CONVERSION = YES;
				CLANG_WARN_OBJC_IMPLICIT_RETAIN_SELF = YES;
				CLANG_WARN_OBJC_LITERAL_CONVERSION = YES;
				CLANG_WARN_OBJC_ROOT_CLASS = YES_ERROR;
				CLANG_WARN_QUOTED_INCLUDE_IN_FRAMEWORK_HEADER = YES;
				CLANG_WARN_RANGE_LOOP_ANALYSIS = YES;
				CLANG_WARN_STRICT_PROTOTYPES = YES;
				CLANG_WARN_SUSPICIOUS_MOVE = YES;
				CLANG_WARN_UNGUARDED_AVAILABILITY = YES_AGGRESSIVE;
				CLANG_WARN_UNREACHABLE_CODE = YES;
				CLANG_WARN__DUPLICATE_METHOD_MATCH = YES;
				COPY_PHASE_STRIP = NO;
				DEBUG_INFORMATION_FORMAT = dwarf;
				ENABLE_STRICT_OBJC_MSGSEND = YES;
				ENABLE_TESTABILITY = YES;
				GCC_C_LANGUAGE_STANDARD = gnu11;
				GCC_DYNAMIC_NO_PIC = NO;
				GCC_NO_COMMON_BLOCKS = YES;
				GCC_OPTIMIZATION_LEVEL = 0;
				GCC_PREPROCESSOR_DEFINITIONS = (
					"DEBUG=1",
					"$(inherited)",
				);
				GCC_WARN_64_TO_32_BIT_CONVERSION = YES;
				GCC_WARN_ABOUT_RETURN_TYPE = YES_ERROR;
				GCC_WARN_UNDECLARED_SELECTOR = YES;
				GCC_WARN_UNINITIALIZED_AUTOS = YES_AGGRESSIVE;
				GCC_WARN_UNUSED_FUNCTION = YES;
				GCC_WARN_UNUSED_VARIABLE = YES;
				IPHONEOS_DEPLOYMENT_TARGET = 13.0;
				MTL_ENABLE_DEBUG_INFO = INCLUDE_SOURCE;
				MTL_FAST_MATH = YES;
				ONLY_ACTIVE_ARCH = YES;
				SDKROOT = iphoneos;
				SWIFT_ACTIVE_COMPILATION_CONDITIONS = DEBUG;
				SWIFT_OPTIMIZATION_LEVEL = "-Onone";
			};
			name = Debug;
		};
		9F1483ED288A746500BA1072 /* Release */ = {
			isa = XCBuildConfiguration;
			buildSettings = {
				ALWAYS_SEARCH_USER_PATHS = NO;
				CLANG_ANALYZER_NONNULL = YES;
				CLANG_ANALYZER_NUMBER_OBJECT_CONVERSION = YES_AGGRESSIVE;
				CLANG_CXX_LANGUAGE_STANDARD = "gnu++17";
				CLANG_CXX_LIBRARY = "libc++";
				CLANG_ENABLE_MODULES = YES;
				CLANG_ENABLE_OBJC_ARC = YES;
				CLANG_ENABLE_OBJC_WEAK = YES;
				CLANG_WARN_BLOCK_CAPTURE_AUTORELEASING = YES;
				CLANG_WARN_BOOL_CONVERSION = YES;
				CLANG_WARN_COMMA = YES;
				CLANG_WARN_CONSTANT_CONVERSION = YES;
				CLANG_WARN_DEPRECATED_OBJC_IMPLEMENTATIONS = YES;
				CLANG_WARN_DIRECT_OBJC_ISA_USAGE = YES_ERROR;
				CLANG_WARN_DOCUMENTATION_COMMENTS = YES;
				CLANG_WARN_EMPTY_BODY = YES;
				CLANG_WARN_ENUM_CONVERSION = YES;
				CLANG_WARN_INFINITE_RECURSION = YES;
				CLANG_WARN_INT_CONVERSION = YES;
				CLANG_WARN_NON_LITERAL_NULL_CONVERSION = YES;
				CLANG_WARN_OBJC_IMPLICIT_RETAIN_SELF = YES;
				CLANG_WARN_OBJC_LITERAL_CONVERSION = YES;
				CLANG_WARN_OBJC_ROOT_CLASS = YES_ERROR;
				CLANG_WARN_QUOTED_INCLUDE_IN_FRAMEWORK_HEADER = YES;
				CLANG_WARN_RANGE_LOOP_ANALYSIS = YES;
				CLANG_WARN_STRICT_PROTOTYPES = YES;
				CLANG_WARN_SUSPICIOUS_MOVE = YES;
				CLANG_WARN_UNGUARDED_AVAILABILITY = YES_AGGRESSIVE;
				CLANG_WARN_UNREACHABLE_CODE = YES;
				CLANG_WARN__DUPLICATE_METHOD_MATCH = YES;
				COPY_PHASE_STRIP = NO;
				DEBUG_INFORMATION_FORMAT = "dwarf-with-dsym";
				ENABLE_NS_ASSERTIONS = NO;
				ENABLE_STRICT_OBJC_MSGSEND = YES;
				GCC_C_LANGUAGE_STANDARD = gnu11;
				GCC_NO_COMMON_BLOCKS = YES;
				GCC_WARN_64_TO_32_BIT_CONVERSION = YES;
				GCC_WARN_ABOUT_RETURN_TYPE = YES_ERROR;
				GCC_WARN_UNDECLARED_SELECTOR = YES;
				GCC_WARN_UNINITIALIZED_AUTOS = YES_AGGRESSIVE;
				GCC_WARN_UNUSED_FUNCTION = YES;
				GCC_WARN_UNUSED_VARIABLE = YES;
				IPHONEOS_DEPLOYMENT_TARGET = 13.0;
				MTL_ENABLE_DEBUG_INFO = NO;
				MTL_FAST_MATH = YES;
				SDKROOT = iphoneos;
				SWIFT_COMPILATION_MODE = wholemodule;
				SWIFT_OPTIMIZATION_LEVEL = "-O";
				VALIDATE_PRODUCT = YES;
			};
			name = Release;
		};
		9F1483EF288A746500BA1072 /* Debug */ = {
			isa = XCBuildConfiguration;
			buildSettings = {
				ASSETCATALOG_COMPILER_APPICON_NAME = AppIcon;
				ASSETCATALOG_COMPILER_GLOBAL_ACCENT_COLOR_NAME = AccentColor;
				CODE_SIGN_STYLE = Automatic;
				CURRENT_PROJECT_VERSION = 1;
				GENERATE_INFOPLIST_FILE = YES;
				INFOPLIST_FILE = EmployeeList/Info.plist;
				INFOPLIST_KEY_UIApplicationSupportsIndirectInputEvents = YES;
				INFOPLIST_KEY_UILaunchStoryboardName = LaunchScreen;
				INFOPLIST_KEY_UIMainStoryboardFile = Main;
				INFOPLIST_KEY_UISupportedInterfaceOrientations_iPad = "UIInterfaceOrientationPortrait UIInterfaceOrientationPortraitUpsideDown UIInterfaceOrientationLandscapeLeft UIInterfaceOrientationLandscapeRight";
				INFOPLIST_KEY_UISupportedInterfaceOrientations_iPhone = "UIInterfaceOrientationPortrait UIInterfaceOrientationLandscapeLeft UIInterfaceOrientationLandscapeRight";
				IPHONEOS_DEPLOYMENT_TARGET = 13.0;
				LD_RUNPATH_SEARCH_PATHS = (
					"$(inherited)",
					"@executable_path/Frameworks",
				);
				MARKETING_VERSION = 1.0;
				PRODUCT_BUNDLE_IDENTIFIER = com.vkgupta857.EmployeeList;
				PRODUCT_NAME = "$(TARGET_NAME)";
				SWIFT_EMIT_LOC_STRINGS = YES;
				SWIFT_VERSION = 5.0;
				TARGETED_DEVICE_FAMILY = "1,2";
			};
			name = Debug;
		};
		9F1483F0288A746500BA1072 /* Release */ = {
			isa = XCBuildConfiguration;
			buildSettings = {
				ASSETCATALOG_COMPILER_APPICON_NAME = AppIcon;
				ASSETCATALOG_COMPILER_GLOBAL_ACCENT_COLOR_NAME = AccentColor;
				CODE_SIGN_STYLE = Automatic;
				CURRENT_PROJECT_VERSION = 1;
				GENERATE_INFOPLIST_FILE = YES;
				INFOPLIST_FILE = EmployeeList/Info.plist;
				INFOPLIST_KEY_UIApplicationSupportsIndirectInputEvents = YES;
				INFOPLIST_KEY_UILaunchStoryboardName = LaunchScreen;
				INFOPLIST_KEY_UIMainStoryboardFile = Main;
				INFOPLIST_KEY_UISupportedInterfaceOrientations_iPad = "UIInterfaceOrientationPortrait UIInterfaceOrientationPortraitUpsideDown UIInterfaceOrientationLandscapeLeft UIInterfaceOrientationLandscapeRight";
				INFOPLIST_KEY_UISupportedInterfaceOrientations_iPhone = "UIInterfaceOrientationPortrait UIInterfaceOrientationLandscapeLeft UIInterfaceOrientationLandscapeRight";
				IPHONEOS_DEPLOYMENT_TARGET = 13.0;
				LD_RUNPATH_SEARCH_PATHS = (
					"$(inherited)",
					"@executable_path/Frameworks",
				);
				MARKETING_VERSION = 1.0;
				PRODUCT_BUNDLE_IDENTIFIER = com.vkgupta857.EmployeeList;
				PRODUCT_NAME = "$(TARGET_NAME)";
				SWIFT_EMIT_LOC_STRINGS = YES;
				SWIFT_VERSION = 5.0;
				TARGETED_DEVICE_FAMILY = "1,2";
			};
			name = Release;
		};
/* End XCBuildConfiguration section */

/* Begin XCConfigurationList section */
		9F1483D5288A745F00BA1072 /* Build configuration list for PBXProject "EmployeeList" */ = {
			isa = XCConfigurationList;
			buildConfigurations = (
				9F1483EC288A746500BA1072 /* Debug */,
				9F1483ED288A746500BA1072 /* Release */,
			);
			defaultConfigurationIsVisible = 0;
			defaultConfigurationName = Release;
		};
		9F1483EE288A746500BA1072 /* Build configuration list for PBXNativeTarget "EmployeeList" */ = {
			isa = XCConfigurationList;
			buildConfigurations = (
				9F1483EF288A746500BA1072 /* Debug */,
				9F1483F0288A746500BA1072 /* Release */,
			);
			defaultConfigurationIsVisible = 0;
			defaultConfigurationName = Release;
		};
/* End XCConfigurationList section */
	};
	rootObject = 9F1483D2288A745F00BA1072 /* Project object */;
}
